
Microsoft Visual Studio Solution File, Format Version 12.00
# Visual Studio Version 16
VisualStudioVersion = 16.0.31424.327
MinimumVisualStudioVersion = 10.0.40219.1
Project("{888888A0-9F3D-457C-B088-3A5042F75D52}") = "ex24", "ex24\ex24.pyproj", "{7860138B-81AE-488F-8613-40E1FF71BDF1}"
EndProject
Global
	GlobalSection(SolutionConfigurationPlatforms) = preSolution
		Debug|Any CPU = Debug|Any CPU
		Release|Any CPU = Release|Any CPU
	EndGlobalSection
	GlobalSection(ProjectConfigurationPlatforms) = postSolution
		{7860138B-81AE-488F-8613-40E1FF71BDF1}.Debug|Any CPU.ActiveCfg = Debug|Any CPU
		{7860138B-81AE-488F-8613-40E1FF71BDF1}.Release|Any CPU.ActiveCfg = Release|Any CPU
	EndGlobalSection
	GlobalSection(SolutionProperties) = preSolution
		HideSolutionNode = FALSE
	EndGlobalSection
	GlobalSection(ExtensibilityGlobals) = postSolution
		SolutionGuid = {93B20B4D-B860-4091-A489-EBC1C0993F28}
	EndGlobalSection
EndGlobal
