
Microsoft Visual Studio Solution File, Format Version 12.00
# Visual Studio Version 16
VisualStudioVersion = 16.0.31424.327
MinimumVisualStudioVersion = 10.0.40219.1
Project("{888888A0-9F3D-457C-B088-3A5042F75D52}") = "ex034", "ex034\ex034.pyproj", "{A8366A2D-D1DB-42B7-B761-ABAAD762778E}"
EndProject
Global
	GlobalSection(SolutionConfigurationPlatforms) = preSolution
		Debug|Any CPU = Debug|Any CPU
		Release|Any CPU = Release|Any CPU
	EndGlobalSection
	GlobalSection(ProjectConfigurationPlatforms) = postSolution
		{A8366A2D-D1DB-42B7-B761-ABAAD762778E}.Debug|Any CPU.ActiveCfg = Debug|Any CPU
		{A8366A2D-D1DB-42B7-B761-ABAAD762778E}.Release|Any CPU.ActiveCfg = Release|Any CPU
	EndGlobalSection
	GlobalSection(SolutionProperties) = preSolution
		HideSolutionNode = FALSE
	EndGlobalSection
	GlobalSection(ExtensibilityGlobals) = postSolution
		SolutionGuid = {FC053C6A-2959-4A4B-B219-DF3CDCFAD773}
	EndGlobalSection
EndGlobal
