
Microsoft Visual Studio Solution File, Format Version 12.00
# Visual Studio Version 16
VisualStudioVersion = 16.0.31424.327
MinimumVisualStudioVersion = 10.0.40219.1
Project("{888888A0-9F3D-457C-B088-3A5042F75D52}") = "ex015", "ex015\ex015.pyproj", "{C4A6F899-3EFB-4659-9DAF-2D9593807BB1}"
EndProject
Global
	GlobalSection(SolutionConfigurationPlatforms) = preSolution
		Debug|Any CPU = Debug|Any CPU
		Release|Any CPU = Release|Any CPU
	EndGlobalSection
	GlobalSection(ProjectConfigurationPlatforms) = postSolution
		{C4A6F899-3EFB-4659-9DAF-2D9593807BB1}.Debug|Any CPU.ActiveCfg = Debug|Any CPU
		{C4A6F899-3EFB-4659-9DAF-2D9593807BB1}.Release|Any CPU.ActiveCfg = Release|Any CPU
	EndGlobalSection
	GlobalSection(SolutionProperties) = preSolution
		HideSolutionNode = FALSE
	EndGlobalSection
	GlobalSection(ExtensibilityGlobals) = postSolution
		SolutionGuid = {89392B86-B54F-4090-9B7F-A55644942540}
	EndGlobalSection
EndGlobal
