
Microsoft Visual Studio Solution File, Format Version 12.00
# Visual Studio Version 16
VisualStudioVersion = 16.0.31424.327
MinimumVisualStudioVersion = 10.0.40219.1
Project("{888888A0-9F3D-457C-B088-3A5042F75D52}") = "ex014", "ex014\ex014.pyproj", "{183C3C19-6BE4-4DD0-A43E-F8F6E0D599A1}"
EndProject
Global
	GlobalSection(SolutionConfigurationPlatforms) = preSolution
		Debug|Any CPU = Debug|Any CPU
		Release|Any CPU = Release|Any CPU
	EndGlobalSection
	GlobalSection(ProjectConfigurationPlatforms) = postSolution
		{183C3C19-6BE4-4DD0-A43E-F8F6E0D599A1}.Debug|Any CPU.ActiveCfg = Debug|Any CPU
		{183C3C19-6BE4-4DD0-A43E-F8F6E0D599A1}.Release|Any CPU.ActiveCfg = Release|Any CPU
	EndGlobalSection
	GlobalSection(SolutionProperties) = preSolution
		HideSolutionNode = FALSE
	EndGlobalSection
	GlobalSection(ExtensibilityGlobals) = postSolution
		SolutionGuid = {BEB21E9B-5BFC-484E-BED6-4A7DC575AFE0}
	EndGlobalSection
EndGlobal
